schema: '2.0'
stages:
  train:
    cmd: python src/train.py
    deps:
    - path: src/train.py
      hash: md5
      md5: 99f08745f00f43e7a8c163ea1f8c497d
      size: 340
    params:
      params.yaml:
        train.dataset_path: C:\Users\artyo\PycharmProjects\rcnn\dataset_all_classes
        train.epochs_num: 3
        train.weights_name_outs: weights_all_classes
  evaluate:
    cmd: python src/evaluate.py
    deps:
    - path: src/evaluate.py
      hash: md5
      md5: 8137c9e29ddfb48d1d5a13eac771e1c1
      size: 377
    params:
      params.yaml:
        evaluate.dataset_path: eval_data
        evaluate.detection_threshold: 0.8
        evaluate.weights_name_in: weights_all_classes.pth
    outs:
    - path: evaluate/score.json
      hash: md5
      md5: 6d821ee52e2fbf6dcc674a32e5d9cf94
      size: 17
