schema: '2.0'
stages:
  train:
    cmd: python src/train.py
    deps:
    - path: src/train.py
      hash: md5
      md5: ec0f991cfa65712b52fdfd5b92515e8c
      size: 375
    params:
      params.yaml:
        train.dataset_path: eval_data
        train.epochs_num: 10
        train.weights_name_outs: weights_improved7
  evaluate:
    cmd: python src/evaluate.py
    deps:
    - path: src/evaluate.py
      hash: md5
      md5: 7c86ddf285c39855a33d5c82a63d5aa6
      size: 365
    params:
      params.yaml:
        evaluate.dataset_path: eval_data
        evaluate.detection_threshold: 0.8
        evaluate.weights_name_in: weights_improved7.pth
    outs:
    - path: evaluate/score.json
      hash: md5
      md5: 6d821ee52e2fbf6dcc674a32e5d9cf94
      size: 17
